github.com/Frederik997/dogs v0.0.0-20250427215613-d33c4cf7ad37 h1:nnEzFuKl9GR4+FR1fDmlkiNsfZnFrixPNmmpH3VaOQc=
github.com/Frederik997/dogs v0.0.0-20250427215613-d33c4cf7ad37/go.mod h1:i6o+ZP6pvjtHqpHGHHNqsRvrfyD8E9u2a20ufzcnX00=
github.com/Frederik997/dogs v0.0.0-20250427220549-c139af5e5352 h1:/iF286YwiXHawdi5IX3TnWNkFyNpoCgpKR4eKdw3bFI=
github.com/Frederik997/dogs v0.0.0-20250427220549-c139af5e5352/go.mod h1:i6o+ZP6pvjtHqpHGHHNqsRvrfyD8E9u2a20ufzcnX00=
